
Microsoft Visual Studio Solution File, Format Version 12.00
# Visual Studio Version 16
VisualStudioVersion = 16.0.30621.155
MinimumVisualStudioVersion = 10.0.40219.1
Project("{9A19103F-16F7-4668-BE54-9A1E7A4F7556}") = "MemberMicroservice", "MemberMicroservice.csproj", "{E8228D28-8671-4DB8-A2F5-9EA7C482CCF0}"
EndProject
Project("{FAE04EC0-301F-11D3-BF4B-00C04F79EFBC}") = "MemberServiceTesting", "..\MemberServiceTesting\MemberServiceTesting.csproj", "{5F2B4F54-0747-4C24-A330-1327E408C15A}"
EndProject
Global
	GlobalSection(SolutionConfigurationPlatforms) = preSolution
		Debug|Any CPU = Debug|Any CPU
		Release|Any CPU = Release|Any CPU
	EndGlobalSection
	GlobalSection(ProjectConfigurationPlatforms) = postSolution
		{E8228D28-8671-4DB8-A2F5-9EA7C482CCF0}.Debug|Any CPU.ActiveCfg = Debug|Any CPU
		{E8228D28-8671-4DB8-A2F5-9EA7C482CCF0}.Debug|Any CPU.Build.0 = Debug|Any CPU
		{E8228D28-8671-4DB8-A2F5-9EA7C482CCF0}.Release|Any CPU.ActiveCfg = Release|Any CPU
		{E8228D28-8671-4DB8-A2F5-9EA7C482CCF0}.Release|Any CPU.Build.0 = Release|Any CPU
		{5F2B4F54-0747-4C24-A330-1327E408C15A}.Debug|Any CPU.ActiveCfg = Debug|Any CPU
		{5F2B4F54-0747-4C24-A330-1327E408C15A}.Debug|Any CPU.Build.0 = Debug|Any CPU
		{5F2B4F54-0747-4C24-A330-1327E408C15A}.Release|Any CPU.ActiveCfg = Release|Any CPU
		{5F2B4F54-0747-4C24-A330-1327E408C15A}.Release|Any CPU.Build.0 = Release|Any CPU
	EndGlobalSection
	GlobalSection(SolutionProperties) = preSolution
		HideSolutionNode = FALSE
	EndGlobalSection
	GlobalSection(ExtensibilityGlobals) = postSolution
		SolutionGuid = {7FA15C0E-73AA-4656-BF97-75DC7A5969CD}
	EndGlobalSection
EndGlobal
